
Microsoft Visual Studio Solution File, Format Version 12.00
# Visual Studio 15
VisualStudioVersion = 15.0.28307.329
MinimumVisualStudioVersion = 10.0.40219.1
Project("{FAE04EC0-301F-11D3-BF4B-00C04F79EFBC}") = "RobotsArena", "RobotsArena\RobotsArena.csproj", "{E531B31B-A741-4A6A-A622-EF72594F2DA3}"
EndProject
Global
	GlobalSection(SolutionConfigurationPlatforms) = preSolution
		Debug|Any CPU = Debug|Any CPU
		Release|Any CPU = Release|Any CPU
	EndGlobalSection
	GlobalSection(ProjectConfigurationPlatforms) = postSolution
		{E531B31B-A741-4A6A-A622-EF72594F2DA3}.Debug|Any CPU.ActiveCfg = Debug|Any CPU
		{E531B31B-A741-4A6A-A622-EF72594F2DA3}.Debug|Any CPU.Build.0 = Debug|Any CPU
		{E531B31B-A741-4A6A-A622-EF72594F2DA3}.Release|Any CPU.ActiveCfg = Release|Any CPU
		{E531B31B-A741-4A6A-A622-EF72594F2DA3}.Release|Any CPU.Build.0 = Release|Any CPU
	EndGlobalSection
	GlobalSection(SolutionProperties) = preSolution
		HideSolutionNode = FALSE
	EndGlobalSection
	GlobalSection(ExtensibilityGlobals) = postSolution
		SolutionGuid = {28A1261F-29DD-4598-AC0E-A934B761D280}
	EndGlobalSection
EndGlobal
